PODS:
  - Alamofire (4.9.1)
  - IQKeyboardManagerSwift (6.5.6)
  - MonthYearPicker (4.0.2)
  - ReachabilitySwift (5.0.0)
  - SVProgressHUD (2.2.5)

DEPENDENCIES:
  - Alamofire
  - IQKeyboardManagerSwift
  - MonthYearPicker
  - ReachabilitySwift
  - SVProgressHUD

SPEC REPOS:
  https://github.com/CocoaPods/Specs.git:
    - Alamofire
    - IQKeyboardManagerSwift
    - ReachabilitySwift
    - SVProgressHUD
  trunk:
    - MonthYearPicker

SPEC CHECKSUMS:
  Alamofire: 85e8a02c69d6020a0d734f6054870d7ecb75cf18
  IQKeyboardManagerSwift: c7df9d2deb356c04522f5c4b7b6e4ce4d8ed94fe
  MonthYearPicker: 91f77106e6806d8c93c69e943ab0795fd420657f
  ReachabilitySwift: 985039c6f7b23a1da463388634119492ff86c825
  SVProgressHUD: 1428aafac632c1f86f62aa4243ec12008d7a51d6

PODFILE CHECKSUM: cc912b967b540d4532a493cf80118bad536cfd5a

COCOAPODS: 1.9.3
